// !$*UTF8*$!
{
	archiveVersion = 1;
	classes = {
	};
	objectVersion = 56;
	objects = {

/* Begin PBXBuildFile section */
		2847DF4C2A48903E009A6B8E /* AppDelegate.swift in Sources */ = {isa = PBXBuildFile; fileRef = 2847DF4B2A48903E009A6B8E /* AppDelegate.swift */; };
		2847DF552A48903F009A6B8E /* Assets.xcassets in Resources */ = {isa = PBXBuildFile; fileRef = 2847DF542A48903F009A6B8E /* Assets.xcassets */; };
		284D78022A5215E9001F20B3 /* BottomSheetExampleViewController.swift in Sources */ = {isa = PBXBuildFile; fileRef = 284D78012A5215E9001F20B3 /* BottomSheetExampleViewController.swift */; };
		2868C2C12C3CA2A20008A2CA /* PinButton.swift in Sources */ = {isa = PBXBuildFile; fileRef = 2868C2C02C3CA2A20008A2CA /* PinButton.swift */; };
		286CF2C22A4F86A4008D3B26 /* PinTweakable.swift in Sources */ = {isa = PBXBuildFile; fileRef = 286CF2C12A4F86A4008D3B26 /* PinTweakable.swift */; };
		2879050E2C1A74C700FF8DF4 /* PinFullscreenView.swift in Sources */ = {isa = PBXBuildFile; fileRef = 2879050D2C1A74C700FF8DF4 /* PinFullscreenView.swift */; };
		2886CAB72C3CAFE300D677B6 /* PinStateView.swift in Sources */ = {isa = PBXBuildFile; fileRef = 2886CAB62C3CAFE300D677B6 /* PinStateView.swift */; };
		2893C64C2A48908700039B8A /* Pinwheel in Frameworks */ = {isa = PBXBuildFile; productRef = 2893C64B2A48908700039B8A /* Pinwheel */; };
		28AAFA612A49F3E900E1CA35 /* Config.swift in Sources */ = {isa = PBXBuildFile; fileRef = 28AAFA602A49F3E900E1CA35 /* Config.swift */; };
		28F459392A49860400504BF6 /* PinColor.swift in Sources */ = {isa = PBXBuildFile; fileRef = 28F459332A49860400504BF6 /* PinColor.swift */; };
		28F4593A2A49860400504BF6 /* PinSpacing.swift in Sources */ = {isa = PBXBuildFile; fileRef = 28F459352A49860400504BF6 /* PinSpacing.swift */; };
		28F4593B2A49860400504BF6 /* PinFont.swift in Sources */ = {isa = PBXBuildFile; fileRef = 28F459372A49860400504BF6 /* PinFont.swift */; };
		28F4594A2A498B6B00504BF6 /* PinLabel.swift in Sources */ = {isa = PBXBuildFile; fileRef = 28F459492A498B6B00504BF6 /* PinLabel.swift */; };
		28F459532A498CFF00504BF6 /* PinBasicTableView.swift in Sources */ = {isa = PBXBuildFile; fileRef = 28F459522A498CFF00504BF6 /* PinBasicTableView.swift */; };
/* End PBXBuildFile section */

/* Begin PBXFileReference section */
		2847DF482A48903E009A6B8E /* Demo.app */ = {isa = PBXFileReference; explicitFileType = wrapper.application; includeInIndex = 0; path = Demo.app; sourceTree = BUILT_PRODUCTS_DIR; };
		2847DF4B2A48903E009A6B8E /* AppDelegate.swift */ = {isa = PBXFileReference; lastKnownFileType = sourcecode.swift; path = AppDelegate.swift; sourceTree = "<group>"; };
		2847DF542A48903F009A6B8E /* Assets.xcassets */ = {isa = PBXFileReference; lastKnownFileType = folder.assetcatalog; path = Assets.xcassets; sourceTree = "<group>"; };
		2847DF592A48903F009A6B8E /* Info.plist */ = {isa = PBXFileReference; lastKnownFileType = text.plist.xml; path = Info.plist; sourceTree = "<group>"; };
		284D78012A5215E9001F20B3 /* BottomSheetExampleViewController.swift */ = {isa = PBXFileReference; lastKnownFileType = sourcecode.swift; path = BottomSheetExampleViewController.swift; sourceTree = "<group>"; };
		2868C2C02C3CA2A20008A2CA /* PinButton.swift */ = {isa = PBXFileReference; lastKnownFileType = sourcecode.swift; path = PinButton.swift; sourceTree = "<group>"; };
		286CF2C12A4F86A4008D3B26 /* PinTweakable.swift */ = {isa = PBXFileReference; lastKnownFileType = sourcecode.swift; path = PinTweakable.swift; sourceTree = "<group>"; };
		2879050D2C1A74C700FF8DF4 /* PinFullscreenView.swift */ = {isa = PBXFileReference; lastKnownFileType = sourcecode.swift; path = PinFullscreenView.swift; sourceTree = "<group>"; };
		2886CAB62C3CAFE300D677B6 /* PinStateView.swift */ = {isa = PBXFileReference; lastKnownFileType = sourcecode.swift; path = PinStateView.swift; sourceTree = "<group>"; };
		2893C6492A48908000039B8A /* Pinwheel */ = {isa = PBXFileReference; lastKnownFileType = wrapper; path = Pinwheel; sourceTree = "<group>"; };
		28AAFA602A49F3E900E1CA35 /* Config.swift */ = {isa = PBXFileReference; lastKnownFileType = sourcecode.swift; path = Config.swift; sourceTree = "<group>"; };
		28F459332A49860400504BF6 /* PinColor.swift */ = {isa = PBXFileReference; fileEncoding = 4; lastKnownFileType = sourcecode.swift; path = PinColor.swift; sourceTree = "<group>"; };
		28F459352A49860400504BF6 /* PinSpacing.swift */ = {isa = PBXFileReference; fileEncoding = 4; lastKnownFileType = sourcecode.swift; path = PinSpacing.swift; sourceTree = "<group>"; };
		28F459372A49860400504BF6 /* PinFont.swift */ = {isa = PBXFileReference; fileEncoding = 4; lastKnownFileType = sourcecode.swift; path = PinFont.swift; sourceTree = "<group>"; };
		28F459492A498B6B00504BF6 /* PinLabel.swift */ = {isa = PBXFileReference; fileEncoding = 4; lastKnownFileType = sourcecode.swift; path = PinLabel.swift; sourceTree = "<group>"; };
		28F459522A498CFF00504BF6 /* PinBasicTableView.swift */ = {isa = PBXFileReference; fileEncoding = 4; lastKnownFileType = sourcecode.swift; path = PinBasicTableView.swift; sourceTree = "<group>"; };
/* End PBXFileReference section */

/* Begin PBXFrameworksBuildPhase section */
		2847DF452A48903D009A6B8E /* Frameworks */ = {
			isa = PBXFrameworksBuildPhase;
			buildActionMask = 2147483647;
			files = (
				2893C64C2A48908700039B8A /* Pinwheel in Frameworks */,
			);
			runOnlyForDeploymentPostprocessing = 0;
		};
/* End PBXFrameworksBuildPhase section */

/* Begin PBXGroup section */
		2847DF3F2A48903D009A6B8E = {
			isa = PBXGroup;
			children = (
				2893C6492A48908000039B8A /* Pinwheel */,
				2847DF4A2A48903E009A6B8E /* Demo */,
				2847DF492A48903E009A6B8E /* Products */,
				2893C64A2A48908700039B8A /* Frameworks */,
			);
			sourceTree = "<group>";
		};
		2847DF492A48903E009A6B8E /* Products */ = {
			isa = PBXGroup;
			children = (
				2847DF482A48903E009A6B8E /* Demo.app */,
			);
			name = Products;
			sourceTree = "<group>";
		};
		2847DF4A2A48903E009A6B8E /* Demo */ = {
			isa = PBXGroup;
			children = (
				2847DF4B2A48903E009A6B8E /* AppDelegate.swift */,
				28F4592E2A49860400504BF6 /* Pins */,
				2847DF542A48903F009A6B8E /* Assets.xcassets */,
				2847DF592A48903F009A6B8E /* Info.plist */,
				28AAFA602A49F3E900E1CA35 /* Config.swift */,
			);
			path = Demo;
			sourceTree = "<group>";
		};
		286CF2C02A4F8699008D3B26 /* Tweakable */ = {
			isa = PBXGroup;
			children = (
				286CF2C12A4F86A4008D3B26 /* PinTweakable.swift */,
			);
			path = Tweakable;
			sourceTree = "<group>";
		};
		2893C64A2A48908700039B8A /* Frameworks */ = {
			isa = PBXGroup;
			children = (
			);
			name = Frameworks;
			sourceTree = "<group>";
		};
		28F4592E2A49860400504BF6 /* Pins */ = {
			isa = PBXGroup;
			children = (
				28F4592F2A49860400504BF6 /* Components */,
				28F459312A49860400504BF6 /* DNA */,
				28F459502A498CFF00504BF6 /* Reciclable */,
			);
			path = Pins;
			sourceTree = "<group>";
		};
		28F4592F2A49860400504BF6 /* Components */ = {
			isa = PBXGroup;
			children = (
				286CF2C02A4F8699008D3B26 /* Tweakable */,
				28F459482A498B6B00504BF6 /* Label */,
				28F459452A49882C00504BF6 /* BottomSheet */,
				2879050D2C1A74C700FF8DF4 /* PinFullscreenView.swift */,
				2868C2C02C3CA2A20008A2CA /* PinButton.swift */,
				2886CAB62C3CAFE300D677B6 /* PinStateView.swift */,
			);
			path = Components;
			sourceTree = "<group>";
		};
		28F459312A49860400504BF6 /* DNA */ = {
			isa = PBXGroup;
			children = (
				28F459322A49860400504BF6 /* Color */,
				28F459342A49860400504BF6 /* Spacing */,
				28F459362A49860400504BF6 /* Font */,
			);
			path = DNA;
			sourceTree = "<group>";
		};
		28F459322A49860400504BF6 /* Color */ = {
			isa = PBXGroup;
			children = (
				28F459332A49860400504BF6 /* PinColor.swift */,
			);
			path = Color;
			sourceTree = "<group>";
		};
		28F459342A49860400504BF6 /* Spacing */ = {
			isa = PBXGroup;
			children = (
				28F459352A49860400504BF6 /* PinSpacing.swift */,
			);
			path = Spacing;
			sourceTree = "<group>";
		};
		28F459362A49860400504BF6 /* Font */ = {
			isa = PBXGroup;
			children = (
				28F459372A49860400504BF6 /* PinFont.swift */,
			);
			path = Font;
			sourceTree = "<group>";
		};
		28F459452A49882C00504BF6 /* BottomSheet */ = {
			isa = PBXGroup;
			children = (
				284D78012A5215E9001F20B3 /* BottomSheetExampleViewController.swift */,
			);
			path = BottomSheet;
			sourceTree = "<group>";
		};
		28F459482A498B6B00504BF6 /* Label */ = {
			isa = PBXGroup;
			children = (
				28F459492A498B6B00504BF6 /* PinLabel.swift */,
			);
			path = Label;
			sourceTree = "<group>";
		};
		28F459502A498CFF00504BF6 /* Reciclable */ = {
			isa = PBXGroup;
			children = (
				28F459512A498CFF00504BF6 /* Basic */,
			);
			path = Reciclable;
			sourceTree = "<group>";
		};
		28F459512A498CFF00504BF6 /* Basic */ = {
			isa = PBXGroup;
			children = (
				28F459522A498CFF00504BF6 /* PinBasicTableView.swift */,
			);
			path = Basic;
			sourceTree = "<group>";
		};
/* End PBXGroup section */

/* Begin PBXNativeTarget section */
		2847DF472A48903D009A6B8E /* Demo */ = {
			isa = PBXNativeTarget;
			buildConfigurationList = 2847DF5C2A48903F009A6B8E /* Build configuration list for PBXNativeTarget "Demo" */;
			buildPhases = (
				2847DF442A48903D009A6B8E /* Sources */,
				2847DF452A48903D009A6B8E /* Frameworks */,
				2847DF462A48903D009A6B8E /* Resources */,
			);
			buildRules = (
			);
			dependencies = (
			);
			name = Demo;
			packageProductDependencies = (
				2893C64B2A48908700039B8A /* Pinwheel */,
			);
			productName = Demo;
			productReference = 2847DF482A48903E009A6B8E /* Demo.app */;
			productType = "com.apple.product-type.application";
		};
/* End PBXNativeTarget section */

/* Begin PBXProject section */
		2847DF402A48903D009A6B8E /* Project object */ = {
			isa = PBXProject;
			attributes = {
				BuildIndependentTargetsInParallel = 1;
				LastSwiftUpdateCheck = 1430;
				LastUpgradeCheck = 1530;
				TargetAttributes = {
					2847DF472A48903D009A6B8E = {
						CreatedOnToolsVersion = 14.3.1;
					};
				};
			};
			buildConfigurationList = 2847DF432A48903D009A6B8E /* Build configuration list for PBXProject "Demo" */;
			compatibilityVersion = "Xcode 14.0";
			developmentRegion = en;
			hasScannedForEncodings = 0;
			knownRegions = (
				en,
				Base,
			);
			mainGroup = 2847DF3F2A48903D009A6B8E;
			productRefGroup = 2847DF492A48903E009A6B8E /* Products */;
			projectDirPath = "";
			projectRoot = "";
			targets = (
				2847DF472A48903D009A6B8E /* Demo */,
			);
		};
/* End PBXProject section */

/* Begin PBXResourcesBuildPhase section */
		2847DF462A48903D009A6B8E /* Resources */ = {
			isa = PBXResourcesBuildPhase;
			buildActionMask = 2147483647;
			files = (
				2847DF552A48903F009A6B8E /* Assets.xcassets in Resources */,
			);
			runOnlyForDeploymentPostprocessing = 0;
		};
/* End PBXResourcesBuildPhase section */

/* Begin PBXSourcesBuildPhase section */
		2847DF442A48903D009A6B8E /* Sources */ = {
			isa = PBXSourcesBuildPhase;
			buildActionMask = 2147483647;
			files = (
				28F459532A498CFF00504BF6 /* PinBasicTableView.swift in Sources */,
				284D78022A5215E9001F20B3 /* BottomSheetExampleViewController.swift in Sources */,
				286CF2C22A4F86A4008D3B26 /* PinTweakable.swift in Sources */,
				28F4594A2A498B6B00504BF6 /* PinLabel.swift in Sources */,
				28F4593A2A49860400504BF6 /* PinSpacing.swift in Sources */,
				2879050E2C1A74C700FF8DF4 /* PinFullscreenView.swift in Sources */,
				28AAFA612A49F3E900E1CA35 /* Config.swift in Sources */,
				2868C2C12C3CA2A20008A2CA /* PinButton.swift in Sources */,
				2886CAB72C3CAFE300D677B6 /* PinStateView.swift in Sources */,
				2847DF4C2A48903E009A6B8E /* AppDelegate.swift in Sources */,
				28F459392A49860400504BF6 /* PinColor.swift in Sources */,
				28F4593B2A49860400504BF6 /* PinFont.swift in Sources */,
			);
			runOnlyForDeploymentPostprocessing = 0;
		};
/* End PBXSourcesBuildPhase section */

/* Begin XCBuildConfiguration section */
		2847DF5A2A48903F009A6B8E /* Debug */ = {
			isa = XCBuildConfiguration;
			buildSettings = {
				ALWAYS_SEARCH_USER_PATHS = NO;
				ASSETCATALOG_COMPILER_GENERATE_SWIFT_ASSET_SYMBOL_EXTENSIONS = YES;
				CLANG_ANALYZER_NONNULL = YES;
				CLANG_ANALYZER_NUMBER_OBJECT_CONVERSION = YES_AGGRESSIVE;
				CLANG_CXX_LANGUAGE_STANDARD = "gnu++20";
				CLANG_ENABLE_MODULES = YES;
				CLANG_ENABLE_OBJC_ARC = YES;
				CLANG_ENABLE_OBJC_WEAK = YES;
				CLANG_WARN_BLOCK_CAPTURE_AUTORELEASING = YES;
				CLANG_WARN_BOOL_CONVERSION = YES;
				CLANG_WARN_COMMA = YES;
				CLANG_WARN_CONSTANT_CONVERSION = YES;
				CLANG_WARN_DEPRECATED_OBJC_IMPLEMENTATIONS = YES;
				CLANG_WARN_DIRECT_OBJC_ISA_USAGE = YES_ERROR;
				CLANG_WARN_DOCUMENTATION_COMMENTS = YES;
				CLANG_WARN_EMPTY_BODY = YES;
				CLANG_WARN_ENUM_CONVERSION = YES;
				CLANG_WARN_INFINITE_RECURSION = YES;
				CLANG_WARN_INT_CONVERSION = YES;
				CLANG_WARN_NON_LITERAL_NULL_CONVERSION = YES;
				CLANG_WARN_OBJC_IMPLICIT_RETAIN_SELF = YES;
				CLANG_WARN_OBJC_LITERAL_CONVERSION = YES;
				CLANG_WARN_OBJC_ROOT_CLASS = YES_ERROR;
				CLANG_WARN_QUOTED_INCLUDE_IN_FRAMEWORK_HEADER = YES;
				CLANG_WARN_RANGE_LOOP_ANALYSIS = YES;
				CLANG_WARN_STRICT_PROTOTYPES = YES;
				CLANG_WARN_SUSPICIOUS_MOVE = YES;
				CLANG_WARN_UNGUARDED_AVAILABILITY = YES_AGGRESSIVE;
				CLANG_WARN_UNREACHABLE_CODE = YES;
				CLANG_WARN__DUPLICATE_METHOD_MATCH = YES;
				COPY_PHASE_STRIP = NO;
				DEBUG_INFORMATION_FORMAT = dwarf;
				ENABLE_STRICT_OBJC_MSGSEND = YES;
				ENABLE_TESTABILITY = YES;
				ENABLE_USER_SCRIPT_SANDBOXING = YES;
				GCC_C_LANGUAGE_STANDARD = gnu11;
				GCC_DYNAMIC_NO_PIC = NO;
				GCC_NO_COMMON_BLOCKS = YES;
				GCC_OPTIMIZATION_LEVEL = 0;
				GCC_PREPROCESSOR_DEFINITIONS = (
					"DEBUG=1",
					"$(inherited)",
				);
				GCC_WARN_64_TO_32_BIT_CONVERSION = YES;
				GCC_WARN_ABOUT_RETURN_TYPE = YES_ERROR;
				GCC_WARN_UNDECLARED_SELECTOR = YES;
				GCC_WARN_UNINITIALIZED_AUTOS = YES_AGGRESSIVE;
				GCC_WARN_UNUSED_FUNCTION = YES;
				GCC_WARN_UNUSED_VARIABLE = YES;
				IPHONEOS_DEPLOYMENT_TARGET = 16.0;
				MTL_ENABLE_DEBUG_INFO = INCLUDE_SOURCE;
				MTL_FAST_MATH = YES;
				ONLY_ACTIVE_ARCH = YES;
				SDKROOT = iphoneos;
				SWIFT_ACTIVE_COMPILATION_CONDITIONS = DEBUG;
				SWIFT_OPTIMIZATION_LEVEL = "-Onone";
			};
			name = Debug;
		};
		2847DF5B2A48903F009A6B8E /* Release */ = {
			isa = XCBuildConfiguration;
			buildSettings = {
				ALWAYS_SEARCH_USER_PATHS = NO;
				ASSETCATALOG_COMPILER_GENERATE_SWIFT_ASSET_SYMBOL_EXTENSIONS = YES;
				CLANG_ANALYZER_NONNULL = YES;
				CLANG_ANALYZER_NUMBER_OBJECT_CONVERSION = YES_AGGRESSIVE;
				CLANG_CXX_LANGUAGE_STANDARD = "gnu++20";
				CLANG_ENABLE_MODULES = YES;
				CLANG_ENABLE_OBJC_ARC = YES;
				CLANG_ENABLE_OBJC_WEAK = YES;
				CLANG_WARN_BLOCK_CAPTURE_AUTORELEASING = YES;
				CLANG_WARN_BOOL_CONVERSION = YES;
				CLANG_WARN_COMMA = YES;
				CLANG_WARN_CONSTANT_CONVERSION = YES;
				CLANG_WARN_DEPRECATED_OBJC_IMPLEMENTATIONS = YES;
				CLANG_WARN_DIRECT_OBJC_ISA_USAGE = YES_ERROR;
				CLANG_WARN_DOCUMENTATION_COMMENTS = YES;
				CLANG_WARN_EMPTY_BODY = YES;
				CLANG_WARN_ENUM_CONVERSION = YES;
				CLANG_WARN_INFINITE_RECURSION = YES;
				CLANG_WARN_INT_CONVERSION = YES;
				CLANG_WARN_NON_LITERAL_NULL_CONVERSION = YES;
				CLANG_WARN_OBJC_IMPLICIT_RETAIN_SELF = YES;
				CLANG_WARN_OBJC_LITERAL_CONVERSION = YES;
				CLANG_WARN_OBJC_ROOT_CLASS = YES_ERROR;
				CLANG_WARN_QUOTED_INCLUDE_IN_FRAMEWORK_HEADER = YES;
				CLANG_WARN_RANGE_LOOP_ANALYSIS = YES;
				CLANG_WARN_STRICT_PROTOTYPES = YES;
				CLANG_WARN_SUSPICIOUS_MOVE = YES;
				CLANG_WARN_UNGUARDED_AVAILABILITY = YES_AGGRESSIVE;
				CLANG_WARN_UNREACHABLE_CODE = YES;
				CLANG_WARN__DUPLICATE_METHOD_MATCH = YES;
				COPY_PHASE_STRIP = NO;
				DEBUG_INFORMATION_FORMAT = "dwarf-with-dsym";
				ENABLE_NS_ASSERTIONS = NO;
				ENABLE_STRICT_OBJC_MSGSEND = YES;
				ENABLE_USER_SCRIPT_SANDBOXING = YES;
				GCC_C_LANGUAGE_STANDARD = gnu11;
				GCC_NO_COMMON_BLOCKS = YES;
				GCC_WARN_64_TO_32_BIT_CONVERSION = YES;
				GCC_WARN_ABOUT_RETURN_TYPE = YES_ERROR;
				GCC_WARN_UNDECLARED_SELECTOR = YES;
				GCC_WARN_UNINITIALIZED_AUTOS = YES_AGGRESSIVE;
				GCC_WARN_UNUSED_FUNCTION = YES;
				GCC_WARN_UNUSED_VARIABLE = YES;
				IPHONEOS_DEPLOYMENT_TARGET = 16.0;
				MTL_ENABLE_DEBUG_INFO = NO;
				MTL_FAST_MATH = YES;
				SDKROOT = iphoneos;
				SWIFT_COMPILATION_MODE = wholemodule;
				SWIFT_OPTIMIZATION_LEVEL = "-O";
				VALIDATE_PRODUCT = YES;
			};
			name = Release;
		};
		2847DF5D2A48903F009A6B8E /* Debug */ = {
			isa = XCBuildConfiguration;
			buildSettings = {
				ASSETCATALOG_COMPILER_APPICON_NAME = AppIcon;
				"CODE_SIGN_IDENTITY[sdk=iphoneos*]" = "iPhone Developer";
				CODE_SIGN_STYLE = Manual;
				CURRENT_PROJECT_VERSION = 1;
				DEVELOPMENT_TEAM = "";
				"DEVELOPMENT_TEAM[sdk=iphoneos*]" = 8GXP363857;
				GENERATE_INFOPLIST_FILE = YES;
				INFOPLIST_FILE = Demo/Info.plist;
				INFOPLIST_KEY_CFBundleDisplayName = Pinwheel;
				INFOPLIST_KEY_UIApplicationSupportsIndirectInputEvents = YES;
				INFOPLIST_KEY_UILaunchStoryboardName = LaunchScreen;
				INFOPLIST_KEY_UISupportedInterfaceOrientations_iPad = "UIInterfaceOrientationPortrait UIInterfaceOrientationPortraitUpsideDown UIInterfaceOrientationLandscapeLeft UIInterfaceOrientationLandscapeRight";
				INFOPLIST_KEY_UISupportedInterfaceOrientations_iPhone = "UIInterfaceOrientationPortrait UIInterfaceOrientationLandscapeLeft UIInterfaceOrientationLandscapeRight";
				IPHONEOS_DEPLOYMENT_TARGET = 16.0;
				LD_RUNPATH_SEARCH_PATHS = (
					"$(inherited)",
					"@executable_path/Frameworks",
				);
				MARKETING_VERSION = 1.0;
				PRODUCT_BUNDLE_IDENTIFIER = com.nordser.pinwheel;
				PRODUCT_NAME = "$(TARGET_NAME)";
				PROVISIONING_PROFILE_SPECIFIER = "";
				"PROVISIONING_PROFILE_SPECIFIER[sdk=iphoneos*]" = "Nordser Development Provisioning Profile";
				SWIFT_EMIT_LOC_STRINGS = YES;
				SWIFT_VERSION = 5.0;
				TARGETED_DEVICE_FAMILY = "1,2";
			};
			name = Debug;
		};
		2847DF5E2A48903F009A6B8E /* Release */ = {
			isa = XCBuildConfiguration;
			buildSettings = {
				ASSETCATALOG_COMPILER_APPICON_NAME = AppIcon;
				"CODE_SIGN_IDENTITY[sdk=iphoneos*]" = "iPhone Developer";
				CODE_SIGN_STYLE = Manual;
				CURRENT_PROJECT_VERSION = 1;
				DEVELOPMENT_TEAM = "";
				"DEVELOPMENT_TEAM[sdk=iphoneos*]" = 8GXP363857;
				GENERATE_INFOPLIST_FILE = YES;
				INFOPLIST_FILE = Demo/Info.plist;
				INFOPLIST_KEY_CFBundleDisplayName = Pinwheel;
				INFOPLIST_KEY_UIApplicationSupportsIndirectInputEvents = YES;
				INFOPLIST_KEY_UILaunchStoryboardName = LaunchScreen;
				INFOPLIST_KEY_UISupportedInterfaceOrientations_iPad = "UIInterfaceOrientationPortrait UIInterfaceOrientationPortraitUpsideDown UIInterfaceOrientationLandscapeLeft UIInterfaceOrientationLandscapeRight";
				INFOPLIST_KEY_UISupportedInterfaceOrientations_iPhone = "UIInterfaceOrientationPortrait UIInterfaceOrientationLandscapeLeft UIInterfaceOrientationLandscapeRight";
				IPHONEOS_DEPLOYMENT_TARGET = 16.0;
				LD_RUNPATH_SEARCH_PATHS = (
					"$(inherited)",
					"@executable_path/Frameworks",
				);
				MARKETING_VERSION = 1.0;
				PRODUCT_BUNDLE_IDENTIFIER = com.nordser.pinwheel;
				PRODUCT_NAME = "$(TARGET_NAME)";
				PROVISIONING_PROFILE_SPECIFIER = "";
				"PROVISIONING_PROFILE_SPECIFIER[sdk=iphoneos*]" = "Nordser Development Provisioning Profile";
				SWIFT_EMIT_LOC_STRINGS = YES;
				SWIFT_VERSION = 5.0;
				TARGETED_DEVICE_FAMILY = "1,2";
			};
			name = Release;
		};
/* End XCBuildConfiguration section */

/* Begin XCConfigurationList section */
		2847DF432A48903D009A6B8E /* Build configuration list for PBXProject "Demo" */ = {
			isa = XCConfigurationList;
			buildConfigurations = (
				2847DF5A2A48903F009A6B8E /* Debug */,
				2847DF5B2A48903F009A6B8E /* Release */,
			);
			defaultConfigurationIsVisible = 0;
			defaultConfigurationName = Release;
		};
		2847DF5C2A48903F009A6B8E /* Build configuration list for PBXNativeTarget "Demo" */ = {
			isa = XCConfigurationList;
			buildConfigurations = (
				2847DF5D2A48903F009A6B8E /* Debug */,
				2847DF5E2A48903F009A6B8E /* Release */,
			);
			defaultConfigurationIsVisible = 0;
			defaultConfigurationName = Release;
		};
/* End XCConfigurationList section */

/* Begin XCSwiftPackageProductDependency section */
		2893C64B2A48908700039B8A /* Pinwheel */ = {
			isa = XCSwiftPackageProductDependency;
			productName = Pinwheel;
		};
/* End XCSwiftPackageProductDependency section */
	};
	rootObject = 2847DF402A48903D009A6B8E /* Project object */;
}
